
Microsoft Visual Studio Solution File, Format Version 12.00
# Visual Studio Version 17
VisualStudioVersion = 17.5.33627.172
MinimumVisualStudioVersion = 10.0.40219.1
Project("{FAE04EC0-301F-11D3-BF4B-00C04F79EFBC}") = "TCPServer", "TCPServer\TCPServer.csproj", "{990BA7A8-B060-4699-A1D6-449DAF184060}"
EndProject
Global
	GlobalSection(SolutionConfigurationPlatforms) = preSolution
		Debug|Any CPU = Debug|Any CPU
		Release|Any CPU = Release|Any CPU
	EndGlobalSection
	GlobalSection(ProjectConfigurationPlatforms) = postSolution
		{990BA7A8-B060-4699-A1D6-449DAF184060}.Debug|Any CPU.ActiveCfg = Debug|Any CPU
		{990BA7A8-B060-4699-A1D6-449DAF184060}.Debug|Any CPU.Build.0 = Debug|Any CPU
		{990BA7A8-B060-4699-A1D6-449DAF184060}.Release|Any CPU.ActiveCfg = Release|Any CPU
		{990BA7A8-B060-4699-A1D6-449DAF184060}.Release|Any CPU.Build.0 = Release|Any CPU
	EndGlobalSection
	GlobalSection(SolutionProperties) = preSolution
		HideSolutionNode = FALSE
	EndGlobalSection
	GlobalSection(ExtensibilityGlobals) = postSolution
		SolutionGuid = {059050FD-6CCE-4C87-A237-8261CB49ED1C}
	EndGlobalSection
EndGlobal
